
Microsoft Visual Studio Solution File, Format Version 12.00
# Visual Studio Version 16
VisualStudioVersion = 16.0.30804.86
MinimumVisualStudioVersion = 10.0.40219.1
Project("{8BC9CEB8-8B4A-11D0-8D11-00A0C91BC942}") = "Triangle", "Triangle.vcxproj", "{7EDF41F2-E125-476F-857F-F945857285F1}"
EndProject
Project("{8BC9CEB8-8B4A-11D0-8D11-00A0C91BC942}") = "VulkanPlayground", "..\..\Library\VulkanPlayground.vcxproj", "{2D3F3B8D-6B92-4BF4-9317-0815D5E93503}"
EndProject
Global
	GlobalSection(SolutionConfigurationPlatforms) = preSolution
		Debug|x64 = Debug|x64
		Release|x64 = Release|x64
	EndGlobalSection
	GlobalSection(ProjectConfigurationPlatforms) = postSolution
		{7EDF41F2-E125-476F-857F-F945857285F1}.Debug|x64.ActiveCfg = Debug|x64
		{7EDF41F2-E125-476F-857F-F945857285F1}.Debug|x64.Build.0 = Debug|x64
		{7EDF41F2-E125-476F-857F-F945857285F1}.Release|x64.ActiveCfg = Release|x64
		{7EDF41F2-E125-476F-857F-F945857285F1}.Release|x64.Build.0 = Release|x64
		{2D3F3B8D-6B92-4BF4-9317-0815D5E93503}.Debug|x64.ActiveCfg = Debug|x64
		{2D3F3B8D-6B92-4BF4-9317-0815D5E93503}.Debug|x64.Build.0 = Debug|x64
		{2D3F3B8D-6B92-4BF4-9317-0815D5E93503}.Release|x64.ActiveCfg = Release|x64
		{2D3F3B8D-6B92-4BF4-9317-0815D5E93503}.Release|x64.Build.0 = Release|x64
	EndGlobalSection
	GlobalSection(SolutionProperties) = preSolution
		HideSolutionNode = FALSE
	EndGlobalSection
	GlobalSection(ExtensibilityGlobals) = postSolution
		SolutionGuid = {35155F5D-0108-4DE7-AD87-DE8555F06774}
	EndGlobalSection
EndGlobal
